
Microsoft Visual Studio Solution File, Format Version 12.00
# Visual Studio Version 17
VisualStudioVersion = 17.4.33213.308
MinimumVisualStudioVersion = 10.0.40219.1
Project("{9A19103F-16F7-4668-BE54-9A1E7A4F7556}") = "GymManager.Web", "GymManager.Web\GymManager.Web.csproj", "{0F61DDED-E5B6-4D33-8B7D-EDF4144D8916}"
EndProject
Project("{9A19103F-16F7-4668-BE54-9A1E7A4F7556}") = "GymManager.AplicationServices", "GymManager.AplicationServices\GymManager.AplicationServices.csproj", "{FC748E53-16AD-404B-BD20-1C7F9FF9F355}"
EndProject
Project("{9A19103F-16F7-4668-BE54-9A1E7A4F7556}") = "GymManager.Core", "GymManager.Core\GymManager.Core.csproj", "{E239F54F-93FB-40AD-83AA-22C2C6140473}"
EndProject
Project("{FAE04EC0-301F-11D3-BF4B-00C04F79EFBC}") = "GymManager.DataAccess", "GymManager.DataAccess\GymManager.DataAccess.csproj", "{823980AB-4400-4398-993A-7D4AD7C013C2}"
EndProject
Global
	GlobalSection(SolutionConfigurationPlatforms) = preSolution
		Debug|Any CPU = Debug|Any CPU
		Release|Any CPU = Release|Any CPU
	EndGlobalSection
	GlobalSection(ProjectConfigurationPlatforms) = postSolution
		{0F61DDED-E5B6-4D33-8B7D-EDF4144D8916}.Debug|Any CPU.ActiveCfg = Debug|Any CPU
		{0F61DDED-E5B6-4D33-8B7D-EDF4144D8916}.Debug|Any CPU.Build.0 = Debug|Any CPU
		{0F61DDED-E5B6-4D33-8B7D-EDF4144D8916}.Release|Any CPU.ActiveCfg = Release|Any CPU
		{0F61DDED-E5B6-4D33-8B7D-EDF4144D8916}.Release|Any CPU.Build.0 = Release|Any CPU
		{FC748E53-16AD-404B-BD20-1C7F9FF9F355}.Debug|Any CPU.ActiveCfg = Debug|Any CPU
		{FC748E53-16AD-404B-BD20-1C7F9FF9F355}.Debug|Any CPU.Build.0 = Debug|Any CPU
		{FC748E53-16AD-404B-BD20-1C7F9FF9F355}.Release|Any CPU.ActiveCfg = Release|Any CPU
		{FC748E53-16AD-404B-BD20-1C7F9FF9F355}.Release|Any CPU.Build.0 = Release|Any CPU
		{E239F54F-93FB-40AD-83AA-22C2C6140473}.Debug|Any CPU.ActiveCfg = Debug|Any CPU
		{E239F54F-93FB-40AD-83AA-22C2C6140473}.Debug|Any CPU.Build.0 = Debug|Any CPU
		{E239F54F-93FB-40AD-83AA-22C2C6140473}.Release|Any CPU.ActiveCfg = Release|Any CPU
		{E239F54F-93FB-40AD-83AA-22C2C6140473}.Release|Any CPU.Build.0 = Release|Any CPU
		{823980AB-4400-4398-993A-7D4AD7C013C2}.Debug|Any CPU.ActiveCfg = Debug|Any CPU
		{823980AB-4400-4398-993A-7D4AD7C013C2}.Debug|Any CPU.Build.0 = Debug|Any CPU
		{823980AB-4400-4398-993A-7D4AD7C013C2}.Release|Any CPU.ActiveCfg = Release|Any CPU
		{823980AB-4400-4398-993A-7D4AD7C013C2}.Release|Any CPU.Build.0 = Release|Any CPU
	EndGlobalSection
	GlobalSection(SolutionProperties) = preSolution
		HideSolutionNode = FALSE
	EndGlobalSection
	GlobalSection(ExtensibilityGlobals) = postSolution
		SolutionGuid = {0BA36790-53A2-4249-AFA5-6E1ED114503F}
	EndGlobalSection
EndGlobal
